# This file is generated by running "yarn install" inside your project.
# Manual changes might be lost - proceed with caution!

__metadata:
  version: 6
  cacheKey: 8

"@ampproject/remapping@npm:^2.2.0":
  version: 2.2.1
  resolution: "@ampproject/remapping@npm:2.2.1"
  dependencies:
    "@jridgewell/gen-mapping": ^0.3.0
    "@jridgewell/trace-mapping": ^0.3.9
  checksum: 03c04fd526acc64a1f4df22651186f3e5ef0a9d6d6530ce4482ec9841269cf7a11dbb8af79237c282d721c5312024ff17529cd72cc4768c11e999b58e2302079
  languageName: node
  linkType: hard

"@babel/code-frame@npm:^7.27.1":
  version: 7.27.1
  resolution: "@babel/code-frame@npm:7.27.1"
  dependencies:
    "@babel/helper-validator-identifier": ^7.27.1
    js-tokens: ^4.0.0
    picocolors: ^1.1.1
  checksum: 5874edc5d37406c4a0bb14cf79c8e51ad412fb0423d176775ac14fc0259831be1bf95bdda9c2aa651126990505e09a9f0ed85deaa99893bc316d2682c5115bdc
  languageName: node
  linkType: hard

"@babel/compat-data@npm:^7.27.1":
  version: 7.27.1
  resolution: "@babel/compat-data@npm:7.27.1"
  checksum: e25c3265cb242da49fdf9ad0356d0bbc51fa98c78ecf4ad29a2952772c78b90fa202091f8aac99f5a3047b2ce12b0963fe1b956d5053911b5f65820126ff0948
  languageName: node
  linkType: hard

"@babel/core@npm:^7.27.1":
  version: 7.27.1
  resolution: "@babel/core@npm:7.27.1"
  dependencies:
    "@ampproject/remapping": ^2.2.0
    "@babel/code-frame": ^7.27.1
    "@babel/generator": ^7.27.1
    "@babel/helper-compilation-targets": ^7.27.1
    "@babel/helper-module-transforms": ^7.27.1
    "@babel/helpers": ^7.27.1
    "@babel/parser": ^7.27.1
    "@babel/template": ^7.27.1
    "@babel/traverse": ^7.27.1
    "@babel/types": ^7.27.1
    convert-source-map: ^2.0.0
    debug: ^4.1.0
    gensync: ^1.0.0-beta.2
    json5: ^2.2.3
    semver: ^6.3.1
  checksum: fce205f9eea387ed8a9c6de64e5a8f50256359bfc8f1352c576c843b4c148a6c2ef187cfe8d729453e520fdcc997f65920aca6cb8911fb25dfd2286966b9b914
  languageName: node
  linkType: hard

"@babel/generator@npm:^7.27.1":
  version: 7.27.1
  resolution: "@babel/generator@npm:7.27.1"
  dependencies:
    "@babel/parser": ^7.27.1
    "@babel/types": ^7.27.1
    "@jridgewell/gen-mapping": ^0.3.5
    "@jridgewell/trace-mapping": ^0.3.25
    jsesc: ^3.0.2
  checksum: d5e220eb20aca1d93aef85c4c716237f84c5aab7d3ed8dfeb7060dcd73d20c593a687fe74cfb6d3dc1604ef9faff2ca24e6cfdb1af18e03e3a5f9f63a04c0bdc
  languageName: node
  linkType: hard

"@babel/helper-compilation-targets@npm:^7.27.1":
  version: 7.27.1
  resolution: "@babel/helper-compilation-targets@npm:7.27.1"
  dependencies:
    "@babel/compat-data": ^7.27.1
    "@babel/helper-validator-option": ^7.27.1
    browserslist: ^4.24.0
    lru-cache: ^5.1.1
    semver: ^6.3.1
  checksum: e02093add56d4cc86b2e6b30a6f80a2f3000a97264b3cd6464db9fcb4d2c5df115030f04aa795201dc049dfcf66d39edc1ef6adb35444cdffc2e7658d590e5a2
  languageName: node
  linkType: hard

"@babel/helper-module-imports@npm:^7.27.1":
  version: 7.27.1
  resolution: "@babel/helper-module-imports@npm:7.27.1"
  dependencies:
    "@babel/traverse": ^7.27.1
    "@babel/types": ^7.27.1
  checksum: 92d01c71c0e4aacdc2babce418a9a1a27a8f7d770a210ffa0f3933f321befab18b655bc1241bebc40767516731de0b85639140c42e45a8210abe1e792f115b28
  languageName: node
  linkType: hard

"@babel/helper-module-transforms@npm:^7.27.1":
  version: 7.27.1
  resolution: "@babel/helper-module-transforms@npm:7.27.1"
  dependencies:
    "@babel/helper-module-imports": ^7.27.1
    "@babel/helper-validator-identifier": ^7.27.1
    "@babel/traverse": ^7.27.1
  peerDependencies:
    "@babel/core": ^7.0.0
  checksum: 816dd166f0a850616d01ca198715d78fef052a834dc155dd57e4405d702f288071077be3ed58e13c86ac9e63ca560e876cc6d70cf5ef0f1f62bd9321084d4c06
  languageName: node
  linkType: hard

"@babel/helper-string-parser@npm:^7.27.1":
  version: 7.27.1
  resolution: "@babel/helper-string-parser@npm:7.27.1"
  checksum: 0a8464adc4b39b138aedcb443b09f4005d86207d7126e5e079177e05c3116107d856ec08282b365e9a79a9872f40f4092a6127f8d74c8a01c1ef789dacfc25d6
  languageName: node
  linkType: hard

"@babel/helper-validator-identifier@npm:^7.27.1":
  version: 7.27.1
  resolution: "@babel/helper-validator-identifier@npm:7.27.1"
  checksum: 3c7e8391e59d6c85baeefe9afb86432f2ab821c6232b00ea9082a51d3e7e95a2f3fb083d74dc1f49ac82cf238e1d2295dafcb001f7b0fab479f3f56af5eaaa47
  languageName: node
  linkType: hard

"@babel/helper-validator-option@npm:^7.27.1":
  version: 7.27.1
  resolution: "@babel/helper-validator-option@npm:7.27.1"
  checksum: db73e6a308092531c629ee5de7f0d04390835b21a263be2644276cb27da2384b64676cab9f22cd8d8dbd854c92b1d7d56fc8517cf0070c35d1c14a8c828b0903
  languageName: node
  linkType: hard

"@babel/helpers@npm:^7.27.1":
  version: 7.27.1
  resolution: "@babel/helpers@npm:7.27.1"
  dependencies:
    "@babel/template": ^7.27.1
    "@babel/types": ^7.27.1
  checksum: 19ede1e996cbd295fb3a881ff70bc0f91c5133ebac256441e9ecd69dfba89456e75cf7ecf06cd276c638a4de7bd6eff21151961c78038d0b23d94b4d23415ee4
  languageName: node
  linkType: hard

"@babel/parser@npm:^7.27.1":
  version: 7.27.1
  resolution: "@babel/parser@npm:7.27.1"
  dependencies:
    "@babel/types": ^7.27.1
  bin:
    parser: ./bin/babel-parser.js
  checksum: 36042c744c4648a8cebf5579a0f8dc6c056648a5b017c1f1c896ce99468764dad91dfc3dd215684e0e4e648a28b62cdd2e6537b34f4a83dda01cb97a846166b0
  languageName: node
  linkType: hard

"@babel/template@npm:^7.27.1":
  version: 7.27.1
  resolution: "@babel/template@npm:7.27.1"
  dependencies:
    "@babel/code-frame": ^7.27.1
    "@babel/parser": ^7.27.1
    "@babel/types": ^7.27.1
  checksum: bd5cb4d128aac0ab8f170389953c13300a6f8f359a86b75b878c0ecc7be7f17213889fc53b3547eba2fe1bc28003875df77d4c1e7f4be22dac8faabdf99301ad
  languageName: node
  linkType: hard

"@babel/traverse@npm:^7.27.1":
  version: 7.27.1
  resolution: "@babel/traverse@npm:7.27.1"
  dependencies:
    "@babel/code-frame": ^7.27.1
    "@babel/generator": ^7.27.1
    "@babel/parser": ^7.27.1
    "@babel/template": ^7.27.1
    "@babel/types": ^7.27.1
    debug: ^4.3.1
    globals: ^11.1.0
  checksum: 7ea3ec36a65e734f2921f5dba6f417f5dd0c90eb44a60f6addbacbbedb44e8c82eba415a74feb7d6df58e351519b81b11b6ca3c0c7c41a3f73ebeaf6895a826c
  languageName: node
  linkType: hard

"@babel/types@npm:^7.27.1":
  version: 7.27.1
  resolution: "@babel/types@npm:7.27.1"
  dependencies:
    "@babel/helper-string-parser": ^7.27.1
    "@babel/helper-validator-identifier": ^7.27.1
  checksum: 357c13f37aaa2f2e2cfcdb63f986d5f7abc9f38df20182b620ace34387d2460620415770fe5856eb54d70c9f0ba2f71230d29465e789188635a948476b830ae4
  languageName: node
  linkType: hard

"@jridgewell/gen-mapping@npm:^0.3.0":
  version: 0.3.3
  resolution: "@jridgewell/gen-mapping@npm:0.3.3"
  dependencies:
    "@jridgewell/set-array": ^1.0.1
    "@jridgewell/sourcemap-codec": ^1.4.10
    "@jridgewell/trace-mapping": ^0.3.9
  checksum: 4a74944bd31f22354fc01c3da32e83c19e519e3bbadafa114f6da4522ea77dd0c2842607e923a591d60a76699d819a2fbb6f3552e277efdb9b58b081390b60ab
  languageName: node
  linkType: hard

"@jridgewell/gen-mapping@npm:^0.3.5":
  version: 0.3.5
  resolution: "@jridgewell/gen-mapping@npm:0.3.5"
  dependencies:
    "@jridgewell/set-array": ^1.2.1
    "@jridgewell/sourcemap-codec": ^1.4.10
    "@jridgewell/trace-mapping": ^0.3.24
  checksum: ff7a1764ebd76a5e129c8890aa3e2f46045109dabde62b0b6c6a250152227647178ff2069ea234753a690d8f3c4ac8b5e7b267bbee272bffb7f3b0a370ab6e52
  languageName: node
  linkType: hard

"@jridgewell/resolve-uri@npm:^3.1.0":
  version: 3.1.2
  resolution: "@jridgewell/resolve-uri@npm:3.1.2"
  checksum: 83b85f72c59d1c080b4cbec0fef84528963a1b5db34e4370fa4bd1e3ff64a0d80e0cee7369d11d73c704e0286fb2865b530acac7a871088fbe92b5edf1000870
  languageName: node
  linkType: hard

"@jridgewell/set-array@npm:^1.0.1":
  version: 1.1.2
  resolution: "@jridgewell/set-array@npm:1.1.2"
  checksum: 69a84d5980385f396ff60a175f7177af0b8da4ddb81824cb7016a9ef914eee9806c72b6b65942003c63f7983d4f39a5c6c27185bbca88eb4690b62075602e28e
  languageName: node
  linkType: hard

"@jridgewell/set-array@npm:^1.2.1":
  version: 1.2.1
  resolution: "@jridgewell/set-array@npm:1.2.1"
  checksum: 832e513a85a588f8ed4f27d1279420d8547743cc37fcad5a5a76fc74bb895b013dfe614d0eed9cb860048e6546b798f8f2652020b4b2ba0561b05caa8c654b10
  languageName: node
  linkType: hard

"@jridgewell/sourcemap-codec@npm:^1.4.10, @jridgewell/sourcemap-codec@npm:^1.4.14":
  version: 1.4.15
  resolution: "@jridgewell/sourcemap-codec@npm:1.4.15"
  checksum: b881c7e503db3fc7f3c1f35a1dd2655a188cc51a3612d76efc8a6eb74728bef5606e6758ee77423e564092b4a518aba569bbb21c9bac5ab7a35b0c6ae7e344c8
  languageName: node
  linkType: hard

"@jridgewell/trace-mapping@npm:^0.3.24, @jridgewell/trace-mapping@npm:^0.3.25":
  version: 0.3.25
  resolution: "@jridgewell/trace-mapping@npm:0.3.25"
  dependencies:
    "@jridgewell/resolve-uri": ^3.1.0
    "@jridgewell/sourcemap-codec": ^1.4.14
  checksum: 9d3c40d225e139987b50c48988f8717a54a8c994d8a948ee42e1412e08988761d0754d7d10b803061cc3aebf35f92a5dbbab493bd0e1a9ef9e89a2130e83ba34
  languageName: node
  linkType: hard

"@jridgewell/trace-mapping@npm:^0.3.9":
  version: 0.3.22
  resolution: "@jridgewell/trace-mapping@npm:0.3.22"
  dependencies:
    "@jridgewell/resolve-uri": ^3.1.0
    "@jridgewell/sourcemap-codec": ^1.4.14
  checksum: ac7dd2cfe0b479aa1b81776d40d789243131cc792dc8b6b6a028c70fcd6171958ae1a71bf67b618ffe3c0c3feead9870c095ee46a5e30319410d92976b28f498
  languageName: node
  linkType: hard

"@types/body-parser@npm:*":
  version: 1.19.5
  resolution: "@types/body-parser@npm:1.19.5"
  dependencies:
    "@types/connect": "*"
    "@types/node": "*"
  checksum: 1e251118c4b2f61029cc43b0dc028495f2d1957fe8ee49a707fb940f86a9bd2f9754230805598278fe99958b49e9b7e66eec8ef6a50ab5c1f6b93e1ba2aaba82
  languageName: node
  linkType: hard

"@types/connect@npm:*":
  version: 3.4.38
  resolution: "@types/connect@npm:3.4.38"
  dependencies:
    "@types/node": "*"
  checksum: 7eb1bc5342a9604facd57598a6c62621e244822442976c443efb84ff745246b10d06e8b309b6e80130026a396f19bf6793b7cecd7380169f369dac3bfc46fb99
  languageName: node
  linkType: hard

"@types/express-serve-static-core@npm:^5.0.0":
  version: 5.0.0
  resolution: "@types/express-serve-static-core@npm:5.0.0"
  dependencies:
    "@types/node": "*"
    "@types/qs": "*"
    "@types/range-parser": "*"
    "@types/send": "*"
  checksum: d4e2abfc961a908098290958e43a077504ef669f3ef3c49e871932453d2281e86f5d483ae99ec3aaecd13ada0b18025a99ad5413577660587570c4e21d91c263
  languageName: node
  linkType: hard

"@types/express@npm:^5.0.1":
  version: 5.0.1
  resolution: "@types/express@npm:5.0.1"
  dependencies:
    "@types/body-parser": "*"
    "@types/express-serve-static-core": ^5.0.0
    "@types/serve-static": "*"
  checksum: 189dd078679c5f748644c9dccf6b9666755d2fd37741ae5b7494129531b14d0366746a79191e1064060c2547daf7d342a02c48923730f20c8980c9ca7dfce1d2
  languageName: node
  linkType: hard

"@types/http-errors@npm:*":
  version: 2.0.4
  resolution: "@types/http-errors@npm:2.0.4"
  checksum: 1f3d7c3b32c7524811a45690881736b3ef741bf9849ae03d32ad1ab7062608454b150a4e7f1351f83d26a418b2d65af9bdc06198f1c079d75578282884c4e8e3
  languageName: node
  linkType: hard

"@types/mime@npm:*":
  version: 3.0.4
  resolution: "@types/mime@npm:3.0.4"
  checksum: a6139c8e1f705ef2b064d072f6edc01f3c099023ad7c4fce2afc6c2bf0231888202adadbdb48643e8e20da0ce409481a49922e737eca52871b3dc08017455843
  languageName: node
  linkType: hard

"@types/mime@npm:^1":
  version: 1.3.5
  resolution: "@types/mime@npm:1.3.5"
  checksum: e29a5f9c4776f5229d84e525b7cd7dd960b51c30a0fb9a028c0821790b82fca9f672dab56561e2acd9e8eed51d431bde52eafdfef30f643586c4162f1aecfc78
  languageName: node
  linkType: hard

"@types/node@npm:*":
  version: 20.11.19
  resolution: "@types/node@npm:20.11.19"
  dependencies:
    undici-types: ~5.26.4
  checksum: 259d16643ba611ade617a8212e594a3ac014727457507389bbf7213971346ab052d870f1e6e2df0afd0876ecd7874f578bccb130be01e069263cfc7136ddc0c1
  languageName: node
  linkType: hard

"@types/qs@npm:*":
  version: 6.9.11
  resolution: "@types/qs@npm:6.9.11"
  checksum: 620ca1628bf3da65662c54ed6ebb120b18a3da477d0bfcc872b696685a9bb1893c3c92b53a1190a8f54d52eaddb6af8b2157755699ac83164604329935e8a7f2
  languageName: node
  linkType: hard

"@types/range-parser@npm:*":
  version: 1.2.7
  resolution: "@types/range-parser@npm:1.2.7"
  checksum: 95640233b689dfbd85b8c6ee268812a732cf36d5affead89e806fe30da9a430767af8ef2cd661024fd97e19d61f3dec75af2df5e80ec3bea000019ab7028629a
  languageName: node
  linkType: hard

"@types/send@npm:*":
  version: 0.17.4
  resolution: "@types/send@npm:0.17.4"
  dependencies:
    "@types/mime": ^1
    "@types/node": "*"
  checksum: cf4db48251bbb03cd6452b4de6e8e09e2d75390a92fd798eca4a803df06444adc94ed050246c94c7ed46fb97be1f63607f0e1f13c3ce83d71788b3e08640e5e0
  languageName: node
  linkType: hard

"@types/serve-static@npm:*":
  version: 1.15.5
  resolution: "@types/serve-static@npm:1.15.5"
  dependencies:
    "@types/http-errors": "*"
    "@types/mime": "*"
    "@types/node": "*"
  checksum: 0ff4b3703cf20ba89c9f9e345bc38417860a88e85863c8d6fe274a543220ab7f5f647d307c60a71bb57dc9559f0890a661e8dc771a6ec5ef195d91c8afc4a893
  languageName: node
  linkType: hard

"accepts@npm:^2.0.0":
  version: 2.0.0
  resolution: "accepts@npm:2.0.0"
  dependencies:
    mime-types: ^3.0.0
    negotiator: ^1.0.0
  checksum: 49fe6c050cb6f6ff4e771b4d88324fca4d3127865f2473872e818dca127d809ba3aa8fdfc7acb51dd3c5bade7311ca6b8cfff7015ea6db2f7eb9c8444d223a4f
  languageName: node
  linkType: hard

"body-parser@npm:^2.2.0":
  version: 2.2.0
  resolution: "body-parser@npm:2.2.0"
  dependencies:
    bytes: ^3.1.2
    content-type: ^1.0.5
    debug: ^4.4.0
    http-errors: ^2.0.0
    iconv-lite: ^0.6.3
    on-finished: ^2.4.1
    qs: ^6.14.0
    raw-body: ^3.0.0
    type-is: ^2.0.0
  checksum: 7fe3a2d288f0b632528d6ccb90052d1a9492c5b79d5716d32c8de1f5fb8237b0d31ee5050e1d0b7ff143a492ff151804612c6e2686a222a1d4c9e2e6531b8fb2
  languageName: node
  linkType: hard

"browserslist@npm:^4.24.0":
  version: 4.24.0
  resolution: "browserslist@npm:4.24.0"
  dependencies:
    caniuse-lite: ^1.0.30001663
    electron-to-chromium: ^1.5.28
    node-releases: ^2.0.18
    update-browserslist-db: ^1.1.0
  bin:
    browserslist: cli.js
  checksum: de200d3eb8d6ed819dad99719099a28fb6ebeb88016a5ac42fbdc11607e910c236a84ca1b0bbf232477d4b88ab64e8ab6aa67557cdd40a73ca9c2834f92ccce0
  languageName: node
  linkType: hard

"bytes@npm:3.1.2, bytes@npm:^3.1.2":
  version: 3.1.2
  resolution: "bytes@npm:3.1.2"
  checksum: e4bcd3948d289c5127591fbedf10c0b639ccbf00243504e4e127374a15c3bc8eed0d28d4aaab08ff6f1cf2abc0cce6ba3085ed32f4f90e82a5683ce0014e1b6e
  languageName: node
  linkType: hard

"call-bind-apply-helpers@npm:^1.0.1, call-bind-apply-helpers@npm:^1.0.2":
  version: 1.0.2
  resolution: "call-bind-apply-helpers@npm:1.0.2"
  dependencies:
    es-errors: ^1.3.0
    function-bind: ^1.1.2
  checksum: b2863d74fcf2a6948221f65d95b91b4b2d90cfe8927650b506141e669f7d5de65cea191bf788838bc40d13846b7886c5bc5c84ab96c3adbcf88ad69a72fcdc6b
  languageName: node
  linkType: hard

"call-bound@npm:^1.0.2":
  version: 1.0.4
  resolution: "call-bound@npm:1.0.4"
  dependencies:
    call-bind-apply-helpers: ^1.0.2
    get-intrinsic: ^1.3.0
  checksum: 2f6399488d1c272f56306ca60ff696575e2b7f31daf23bc11574798c84d9f2759dceb0cb1f471a85b77f28962a7ac6411f51d283ea2e45319009a19b6ccab3b2
  languageName: node
  linkType: hard

"caniuse-lite@npm:^1.0.30001663":
  version: 1.0.30001667
  resolution: "caniuse-lite@npm:1.0.30001667"
  checksum: f3c6a40c3e4115c6e5fb46c47884d903191285d29ec8a8b092546efbc9cdedcbd7183cce72dd3cab7dfc16c4d5b2745892876b3d6dda75d4cba49f9389239aa9
  languageName: node
  linkType: hard

"content-disposition@npm:^1.0.0":
  version: 1.0.0
  resolution: "content-disposition@npm:1.0.0"
  dependencies:
    safe-buffer: 5.2.1
  checksum: b27e2579fefe0ecf78238bb652fbc750671efce8344f0c6f05235b12433e6a965adb40906df1ac1fdde23e8f9f0e58385e44640e633165420f3f47d830ae0398
  languageName: node
  linkType: hard

"content-type@npm:^1.0.5":
  version: 1.0.5
  resolution: "content-type@npm:1.0.5"
  checksum: 566271e0a251642254cde0f845f9dd4f9856e52d988f4eb0d0dcffbb7a1f8ec98de7a5215fc628f3bce30fe2fb6fd2bc064b562d721658c59b544e2d34ea2766
  languageName: node
  linkType: hard

"convert-source-map@npm:^2.0.0":
  version: 2.0.0
  resolution: "convert-source-map@npm:2.0.0"
  checksum: 63ae9933be5a2b8d4509daca5124e20c14d023c820258e484e32dc324d34c2754e71297c94a05784064ad27615037ef677e3f0c00469fb55f409d2bb21261035
  languageName: node
  linkType: hard

"cookie-signature@npm:^1.2.1":
  version: 1.2.1
  resolution: "cookie-signature@npm:1.2.1"
  checksum: bb464aacac390b5d7d8ead2d6fff7c1c3b7378c7d0250921f48923fe889688e081ab33950448929db5f24d4f9f1506589a7ee1c685de8f12a3fdb30c49667ec5
  languageName: node
  linkType: hard

"cookie@npm:^0.7.1":
  version: 0.7.2
  resolution: "cookie@npm:0.7.2"
  checksum: 9bf8555e33530affd571ea37b615ccad9b9a34febbf2c950c86787088eb00a8973690833b0f8ebd6b69b753c62669ea60cec89178c1fb007bf0749abed74f93e
  languageName: node
  linkType: hard

"debug@npm:^4.1.0, debug@npm:^4.3.1":
  version: 4.3.4
  resolution: "debug@npm:4.3.4"
  dependencies:
    ms: 2.1.2
  peerDependenciesMeta:
    supports-color:
      optional: true
  checksum: 3dbad3f94ea64f34431a9cbf0bafb61853eda57bff2880036153438f50fb5a84f27683ba0d8e5426bf41a8c6ff03879488120cf5b3a761e77953169c0600a708
  languageName: node
  linkType: hard

"debug@npm:^4.3.5":
  version: 4.3.7
  resolution: "debug@npm:4.3.7"
  dependencies:
    ms: ^2.1.3
  peerDependenciesMeta:
    supports-color:
      optional: true
  checksum: 822d74e209cd910ef0802d261b150314bbcf36c582ccdbb3e70f0894823c17e49a50d3e66d96b633524263975ca16b6a833f3e3b7e030c157169a5fabac63160
  languageName: node
  linkType: hard

"debug@npm:^4.4.0":
  version: 4.4.0
  resolution: "debug@npm:4.4.0"
  dependencies:
    ms: ^2.1.3
  peerDependenciesMeta:
    supports-color:
      optional: true
  checksum: fb42df878dd0e22816fc56e1fdca9da73caa85212fbe40c868b1295a6878f9101ae684f4eeef516c13acfc700f5ea07f1136954f43d4cd2d477a811144136479
  languageName: node
  linkType: hard

"depd@npm:2.0.0, depd@npm:^2.0.0":
  version: 2.0.0
  resolution: "depd@npm:2.0.0"
  checksum: abbe19c768c97ee2eed6282d8ce3031126662252c58d711f646921c9623f9052e3e1906443066beec1095832f534e57c523b7333f8e7e0d93051ab6baef5ab3a
  languageName: node
  linkType: hard

"destroy@npm:^1.2.0":
  version: 1.2.0
  resolution: "destroy@npm:1.2.0"
  checksum: 0acb300b7478a08b92d810ab229d5afe0d2f4399272045ab22affa0d99dbaf12637659411530a6fcd597a9bdac718fc94373a61a95b4651bbc7b83684a565e38
  languageName: node
  linkType: hard

"dunder-proto@npm:^1.0.1":
  version: 1.0.1
  resolution: "dunder-proto@npm:1.0.1"
  dependencies:
    call-bind-apply-helpers: ^1.0.1
    es-errors: ^1.3.0
    gopd: ^1.2.0
  checksum: 149207e36f07bd4941921b0ca929e3a28f1da7bd6b6ff8ff7f4e2f2e460675af4576eeba359c635723dc189b64cdd4787e0255897d5b135ccc5d15cb8685fc90
  languageName: node
  linkType: hard

"ee-first@npm:1.1.1":
  version: 1.1.1
  resolution: "ee-first@npm:1.1.1"
  checksum: 1b4cac778d64ce3b582a7e26b218afe07e207a0f9bfe13cc7395a6d307849cfe361e65033c3251e00c27dd060cab43014c2d6b2647676135e18b77d2d05b3f4f
  languageName: node
  linkType: hard

"electron-to-chromium@npm:^1.5.28":
  version: 1.5.35
  resolution: "electron-to-chromium@npm:1.5.35"
  checksum: 7eca311ebce5ca5bbef7854becc7c84ea213edc8d0d02dedf998cd695e32e5bffb9803846a9a1801f29ce8f31d6b165c9d319e76923f93c2855fae80846f7610
  languageName: node
  linkType: hard

"encodeurl@npm:^2.0.0":
  version: 2.0.0
  resolution: "encodeurl@npm:2.0.0"
  checksum: abf5cd51b78082cf8af7be6785813c33b6df2068ce5191a40ca8b1afe6a86f9230af9a9ce694a5ce4665955e5c1120871826df9c128a642e09c58d592e2807fe
  languageName: node
  linkType: hard

"es-define-property@npm:^1.0.1":
  version: 1.0.1
  resolution: "es-define-property@npm:1.0.1"
  checksum: 0512f4e5d564021c9e3a644437b0155af2679d10d80f21adaf868e64d30efdfbd321631956f20f42d655fedb2e3a027da479fad3fa6048f768eb453a80a5f80a
  languageName: node
  linkType: hard

"es-errors@npm:^1.3.0":
  version: 1.3.0
  resolution: "es-errors@npm:1.3.0"
  checksum: ec1414527a0ccacd7f15f4a3bc66e215f04f595ba23ca75cdae0927af099b5ec865f9f4d33e9d7e86f512f252876ac77d4281a7871531a50678132429b1271b5
  languageName: node
  linkType: hard

"es-object-atoms@npm:^1.0.0, es-object-atoms@npm:^1.1.1":
  version: 1.1.1
  resolution: "es-object-atoms@npm:1.1.1"
  dependencies:
    es-errors: ^1.3.0
  checksum: 214d3767287b12f36d3d7267ef342bbbe1e89f899cfd67040309fc65032372a8e60201410a99a1645f2f90c1912c8c49c8668066f6bdd954bcd614dda2e3da97
  languageName: node
  linkType: hard

"escalade@npm:^3.2.0":
  version: 3.2.0
  resolution: "escalade@npm:3.2.0"
  checksum: 47b029c83de01b0d17ad99ed766347b974b0d628e848de404018f3abee728e987da0d2d370ad4574aa3d5b5bfc368754fd085d69a30f8e75903486ec4b5b709e
  languageName: node
  linkType: hard

"escape-html@npm:^1.0.3":
  version: 1.0.3
  resolution: "escape-html@npm:1.0.3"
  checksum: 6213ca9ae00d0ab8bccb6d8d4e0a98e76237b2410302cf7df70aaa6591d509a2a37ce8998008cbecae8fc8ffaadf3fb0229535e6a145f3ce0b211d060decbb24
  languageName: node
  linkType: hard

"etag@npm:^1.8.1":
  version: 1.8.1
  resolution: "etag@npm:1.8.1"
  checksum: 571aeb3dbe0f2bbd4e4fadbdb44f325fc75335cd5f6f6b6a091e6a06a9f25ed5392f0863c5442acb0646787446e816f13cbfc6edce5b07658541dff573cab1ff
  languageName: node
  linkType: hard

"express@npm:^5.1.0":
  version: 5.1.0
  resolution: "express@npm:5.1.0"
  dependencies:
    accepts: ^2.0.0
    body-parser: ^2.2.0
    content-disposition: ^1.0.0
    content-type: ^1.0.5
    cookie: ^0.7.1
    cookie-signature: ^1.2.1
    debug: ^4.4.0
    encodeurl: ^2.0.0
    escape-html: ^1.0.3
    etag: ^1.8.1
    finalhandler: ^2.1.0
    fresh: ^2.0.0
    http-errors: ^2.0.0
    merge-descriptors: ^2.0.0
    mime-types: ^3.0.0
    on-finished: ^2.4.1
    once: ^1.4.0
    parseurl: ^1.3.3
    proxy-addr: ^2.0.7
    qs: ^6.14.0
    range-parser: ^1.2.1
    router: ^2.2.0
    send: ^1.1.0
    serve-static: ^2.2.0
    statuses: ^2.0.1
    type-is: ^2.0.1
    vary: ^1.1.2
  checksum: 06e6141780c6c4780111f971ce062c83d4cf4862c40b43caf1d95afcbb58d7422c560503b8c9d04c7271511525d09cbdbe940bcaad63970fd4c1b9f6fd713bdb
  languageName: node
  linkType: hard

"finalhandler@npm:^2.1.0":
  version: 2.1.0
  resolution: "finalhandler@npm:2.1.0"
  dependencies:
    debug: ^4.4.0
    encodeurl: ^2.0.0
    escape-html: ^1.0.3
    on-finished: ^2.4.1
    parseurl: ^1.3.3
    statuses: ^2.0.1
  checksum: 27ca9cc83b1384ba37959eb95bc7e62bc0bf4d6f6af63f6d38821cf7499b113e34b23f96a2a031616817f73986f94deea67c2f558de9daf406790c181a2501df
  languageName: node
  linkType: hard

"forwarded@npm:0.2.0":
  version: 0.2.0
  resolution: "forwarded@npm:0.2.0"
  checksum: fd27e2394d8887ebd16a66ffc889dc983fbbd797d5d3f01087c020283c0f019a7d05ee85669383d8e0d216b116d720fc0cef2f6e9b7eb9f4c90c6e0bc7fd28e6
  languageName: node
  linkType: hard

"fresh@npm:^0.5.2":
  version: 0.5.2
  resolution: "fresh@npm:0.5.2"
  checksum: 13ea8b08f91e669a64e3ba3a20eb79d7ca5379a81f1ff7f4310d54e2320645503cc0c78daedc93dfb6191287295f6479544a649c64d8e41a1c0fb0c221552346
  languageName: node
  linkType: hard

"fresh@npm:^2.0.0":
  version: 2.0.0
  resolution: "fresh@npm:2.0.0"
  checksum: 38b9828352c6271e2a0dd8bdd985d0100dbbc4eb8b6a03286071dd6f7d96cfaacd06d7735701ad9a95870eb3f4555e67c08db1dcfe24c2e7bb87383c72fae1d2
  languageName: node
  linkType: hard

"function-bind@npm:^1.1.2":
  version: 1.1.2
  resolution: "function-bind@npm:1.1.2"
  checksum: 2b0ff4ce708d99715ad14a6d1f894e2a83242e4a52ccfcefaee5e40050562e5f6dafc1adbb4ce2d4ab47279a45dc736ab91ea5042d843c3c092820dfe032efb1
  languageName: node
  linkType: hard

"gensync@npm:^1.0.0-beta.2":
  version: 1.0.0-beta.2
  resolution: "gensync@npm:1.0.0-beta.2"
  checksum: a7437e58c6be12aa6c90f7730eac7fa9833dc78872b4ad2963d2031b00a3367a93f98aec75f9aaac7220848e4026d67a8655e870b24f20a543d103c0d65952ec
  languageName: node
  linkType: hard

"get-intrinsic@npm:^1.2.5, get-intrinsic@npm:^1.3.0":
  version: 1.3.0
  resolution: "get-intrinsic@npm:1.3.0"
  dependencies:
    call-bind-apply-helpers: ^1.0.2
    es-define-property: ^1.0.1
    es-errors: ^1.3.0
    es-object-atoms: ^1.1.1
    function-bind: ^1.1.2
    get-proto: ^1.0.1
    gopd: ^1.2.0
    has-symbols: ^1.1.0
    hasown: ^2.0.2
    math-intrinsics: ^1.1.0
  checksum: 301008e4482bb9a9cb49e132b88fee093bff373b4e6def8ba219b1e96b60158a6084f273ef5cafe832e42cd93462f4accb46a618d35fe59a2b507f2388c5b79d
  languageName: node
  linkType: hard

"get-proto@npm:^1.0.1":
  version: 1.0.1
  resolution: "get-proto@npm:1.0.1"
  dependencies:
    dunder-proto: ^1.0.1
    es-object-atoms: ^1.0.0
  checksum: 4fc96afdb58ced9a67558698b91433e6b037aaa6f1493af77498d7c85b141382cf223c0e5946f334fb328ee85dfe6edd06d218eaf09556f4bc4ec6005d7f5f7b
  languageName: node
  linkType: hard

"globals@npm:^11.1.0":
  version: 11.12.0
  resolution: "globals@npm:11.12.0"
  checksum: 67051a45eca3db904aee189dfc7cd53c20c7d881679c93f6146ddd4c9f4ab2268e68a919df740d39c71f4445d2b38ee360fc234428baea1dbdfe68bbcb46979e
  languageName: node
  linkType: hard

"gopd@npm:^1.2.0":
  version: 1.2.0
  resolution: "gopd@npm:1.2.0"
  checksum: cc6d8e655e360955bdccaca51a12a474268f95bb793fc3e1f2bdadb075f28bfd1fd988dab872daf77a61d78cbaf13744bc8727a17cfb1d150d76047d805375f3
  languageName: node
  linkType: hard

"has-symbols@npm:^1.1.0":
  version: 1.1.0
  resolution: "has-symbols@npm:1.1.0"
  checksum: b2316c7302a0e8ba3aaba215f834e96c22c86f192e7310bdf689dd0e6999510c89b00fbc5742571507cebf25764d68c988b3a0da217369a73596191ac0ce694b
  languageName: node
  linkType: hard

"hasown@npm:^2.0.2":
  version: 2.0.2
  resolution: "hasown@npm:2.0.2"
  dependencies:
    function-bind: ^1.1.2
  checksum: e8516f776a15149ca6c6ed2ae3110c417a00b62260e222590e54aa367cbcd6ed99122020b37b7fbdf05748df57b265e70095d7bf35a47660587619b15ffb93db
  languageName: node
  linkType: hard

"http-errors@npm:2.0.0, http-errors@npm:^2.0.0":
  version: 2.0.0
  resolution: "http-errors@npm:2.0.0"
  dependencies:
    depd: 2.0.0
    inherits: 2.0.4
    setprototypeof: 1.2.0
    statuses: 2.0.1
    toidentifier: 1.0.1
  checksum: 9b0a3782665c52ce9dc658a0d1560bcb0214ba5699e4ea15aefb2a496e2ca83db03ebc42e1cce4ac1f413e4e0d2d736a3fd755772c556a9a06853ba2a0b7d920
  languageName: node
  linkType: hard

"iconv-lite@npm:0.6.3, iconv-lite@npm:^0.6.3":
  version: 0.6.3
  resolution: "iconv-lite@npm:0.6.3"
  dependencies:
    safer-buffer: ">= 2.1.2 < 3.0.0"
  checksum: 3f60d47a5c8fc3313317edfd29a00a692cc87a19cac0159e2ce711d0ebc9019064108323b5e493625e25594f11c6236647d8e256fbe7a58f4a3b33b89e6d30bf
  languageName: node
  linkType: hard

"inherits@npm:2.0.4":
  version: 2.0.4
  resolution: "inherits@npm:2.0.4"
  checksum: 4a48a733847879d6cf6691860a6b1e3f0f4754176e4d71494c41f3475553768b10f84b5ce1d40fbd0e34e6bfbb864ee35858ad4dd2cf31e02fc4a154b724d7f1
  languageName: node
  linkType: hard

"ipaddr.js@npm:1.9.1":
  version: 1.9.1
  resolution: "ipaddr.js@npm:1.9.1"
  checksum: f88d3825981486f5a1942414c8d77dd6674dd71c065adcfa46f578d677edcb99fda25af42675cb59db492fdf427b34a5abfcde3982da11a8fd83a500b41cfe77
  languageName: node
  linkType: hard

"is-promise@npm:^4.0.0":
  version: 4.0.0
  resolution: "is-promise@npm:4.0.0"
  checksum: 0b46517ad47b00b6358fd6553c83ec1f6ba9acd7ffb3d30a0bf519c5c69e7147c132430452351b8a9fc198f8dd6c4f76f8e6f5a7f100f8c77d57d9e0f4261a8a
  languageName: node
  linkType: hard

"js-tokens@npm:^4.0.0":
  version: 4.0.0
  resolution: "js-tokens@npm:4.0.0"
  checksum: 8a95213a5a77deb6cbe94d86340e8d9ace2b93bc367790b260101d2f36a2eaf4e4e22d9fa9cf459b38af3a32fb4190e638024cf82ec95ef708680e405ea7cc78
  languageName: node
  linkType: hard

"jsesc@npm:^3.0.2":
  version: 3.0.2
  resolution: "jsesc@npm:3.0.2"
  bin:
    jsesc: bin/jsesc
  checksum: a36d3ca40574a974d9c2063bf68c2b6141c20da8f2a36bd3279fc802563f35f0527a6c828801295bdfb2803952cf2cf387786c2c90ed564f88d5782475abfe3c
  languageName: node
  linkType: hard

"json5@npm:^2.2.3":
  version: 2.2.3
  resolution: "json5@npm:2.2.3"
  bin:
    json5: lib/cli.js
  checksum: 2a7436a93393830bce797d4626275152e37e877b265e94ca69c99e3d20c2b9dab021279146a39cdb700e71b2dd32a4cebd1514cd57cee102b1af906ce5040349
  languageName: node
  linkType: hard

"lru-cache@npm:^5.1.1":
  version: 5.1.1
  resolution: "lru-cache@npm:5.1.1"
  dependencies:
    yallist: ^3.0.2
  checksum: c154ae1cbb0c2206d1501a0e94df349653c92c8cbb25236d7e85190bcaf4567a03ac6eb43166fabfa36fd35623694da7233e88d9601fbf411a9a481d85dbd2cb
  languageName: node
  linkType: hard

"math-intrinsics@npm:^1.1.0":
  version: 1.1.0
  resolution: "math-intrinsics@npm:1.1.0"
  checksum: 0e513b29d120f478c85a70f49da0b8b19bc638975eca466f2eeae0071f3ad00454c621bf66e16dd435896c208e719fc91ad79bbfba4e400fe0b372e7c1c9c9a2
  languageName: node
  linkType: hard

"media-typer@npm:^1.1.0":
  version: 1.1.0
  resolution: "media-typer@npm:1.1.0"
  checksum: a58dd60804df73c672942a7253ccc06815612326dc1c0827984b1a21704466d7cde351394f47649e56cf7415e6ee2e26e000e81b51b3eebb5a93540e8bf93cbd
  languageName: node
  linkType: hard

"merge-descriptors@npm:^2.0.0":
  version: 2.0.0
  resolution: "merge-descriptors@npm:2.0.0"
  checksum: e383332e700a94682d0125a36c8be761142a1320fc9feeb18e6e36647c9edf064271645f5669b2c21cf352116e561914fd8aa831b651f34db15ef4038c86696a
  languageName: node
  linkType: hard

"mime-db@npm:1.52.0":
  version: 1.52.0
  resolution: "mime-db@npm:1.52.0"
  checksum: 0d99a03585f8b39d68182803b12ac601d9c01abfa28ec56204fa330bc9f3d1c5e14beb049bafadb3dbdf646dfb94b87e24d4ec7b31b7279ef906a8ea9b6a513f
  languageName: node
  linkType: hard

"mime-db@npm:^1.53.0":
  version: 1.53.0
  resolution: "mime-db@npm:1.53.0"
  checksum: 3fd9380bdc0b085d0b56b580e4f89ca4fc3b823722310d795c248f0806b9a80afd5d8f4347f015ad943b9ecfa7cc0b71dffa0db96fa776d01a13474821a2c7fb
  languageName: node
  linkType: hard

"mime-db@npm:^1.54.0":
  version: 1.54.0
  resolution: "mime-db@npm:1.54.0"
  checksum: e99aaf2f23f5bd607deb08c83faba5dd25cf2fec90a7cc5b92d8260867ee08dab65312e1a589e60093dc7796d41e5fae013268418482f1db4c7d52d0a0960ac9
  languageName: node
  linkType: hard

"mime-types@npm:^2.1.35":
  version: 2.1.35
  resolution: "mime-types@npm:2.1.35"
  dependencies:
    mime-db: 1.52.0
  checksum: 89a5b7f1def9f3af5dad6496c5ed50191ae4331cc5389d7c521c8ad28d5fdad2d06fd81baf38fed813dc4e46bb55c8145bb0ff406330818c9cf712fb2e9b3836
  languageName: node
  linkType: hard

"mime-types@npm:^3.0.0":
  version: 3.0.0
  resolution: "mime-types@npm:3.0.0"
  dependencies:
    mime-db: ^1.53.0
  checksum: 2d87c94ff682c61b9a5727c37ba66e199aba2d6a85465b41722ca7281629c32848601b540339d12a97d1b6ab39f94f9e63a72530dd7c22ee57ff25e1038af039
  languageName: node
  linkType: hard

"mime-types@npm:^3.0.1":
  version: 3.0.1
  resolution: "mime-types@npm:3.0.1"
  dependencies:
    mime-db: ^1.54.0
  checksum: 8d497ad5cb2dd1210ac7d049b5de94af0b24b45a314961e145b44389344604d54752f03bc00bf880c0da60a214be6fb6d423d318104f02c28d95dd8ebeea4fb4
  languageName: node
  linkType: hard

"ms@npm:2.1.2":
  version: 2.1.2
  resolution: "ms@npm:2.1.2"
  checksum: 673cdb2c3133eb050c745908d8ce632ed2c02d85640e2edb3ace856a2266a813b30c613569bf3354fdf4ea7d1a1494add3bfa95e2713baa27d0c2c71fc44f58f
  languageName: node
  linkType: hard

"ms@npm:^2.1.3":
  version: 2.1.3
  resolution: "ms@npm:2.1.3"
  checksum: aa92de608021b242401676e35cfa5aa42dd70cbdc082b916da7fb925c542173e36bce97ea3e804923fe92c0ad991434e4a38327e15a1b5b5f945d66df615ae6d
  languageName: node
  linkType: hard

"negotiator@npm:^1.0.0":
  version: 1.0.0
  resolution: "negotiator@npm:1.0.0"
  checksum: 20ebfe79b2d2e7cf9cbc8239a72662b584f71164096e6e8896c8325055497c96f6b80cd22c258e8a2f2aa382a787795ec3ee8b37b422a302c7d4381b0d5ecfbb
  languageName: node
  linkType: hard

"node-releases@npm:^2.0.18":
  version: 2.0.18
  resolution: "node-releases@npm:2.0.18"
  checksum: ef55a3d853e1269a6d6279b7692cd6ff3e40bc74947945101138745bfdc9a5edabfe72cb19a31a8e45752e1910c4c65c77d931866af6357f242b172b7283f5b3
  languageName: node
  linkType: hard

"object-inspect@npm:^1.13.3":
  version: 1.13.4
  resolution: "object-inspect@npm:1.13.4"
  checksum: 582810c6a8d2ef988ea0a39e69e115a138dad8f42dd445383b394877e5816eb4268489f316a6f74ee9c4e0a984b3eab1028e3e79d62b1ed67c726661d55c7a8b
  languageName: node
  linkType: hard

"on-finished@npm:^2.4.1":
  version: 2.4.1
  resolution: "on-finished@npm:2.4.1"
  dependencies:
    ee-first: 1.1.1
  checksum: d20929a25e7f0bb62f937a425b5edeb4e4cde0540d77ba146ec9357f00b0d497cdb3b9b05b9c8e46222407d1548d08166bff69cc56dfa55ba0e4469228920ff0
  languageName: node
  linkType: hard

"once@npm:^1.4.0":
  version: 1.4.0
  resolution: "once@npm:1.4.0"
  dependencies:
    wrappy: 1
  checksum: cd0a88501333edd640d95f0d2700fbde6bff20b3d4d9bdc521bdd31af0656b5706570d6c6afe532045a20bb8dc0849f8332d6f2a416e0ba6d3d3b98806c7db68
  languageName: node
  linkType: hard

"parseurl@npm:^1.3.3":
  version: 1.3.3
  resolution: "parseurl@npm:1.3.3"
  checksum: 407cee8e0a3a4c5cd472559bca8b6a45b82c124e9a4703302326e9ab60fc1081442ada4e02628efef1eb16197ddc7f8822f5a91fd7d7c86b51f530aedb17dfa2
  languageName: node
  linkType: hard

"path-to-regexp@npm:^8.0.0":
  version: 8.2.0
  resolution: "path-to-regexp@npm:8.2.0"
  checksum: 56e13e45962e776e9e7cd72e87a441cfe41f33fd539d097237ceb16adc922281136ca12f5a742962e33d8dda9569f630ba594de56d8b7b6e49adf31803c5e771
  languageName: node
  linkType: hard

"picocolors@npm:^1.1.0":
  version: 1.1.0
  resolution: "picocolors@npm:1.1.0"
  checksum: a64d653d3a188119ff45781dfcdaeedd7625583f45280aea33fcb032c7a0d3959f2368f9b192ad5e8aade75b74dbd954ffe3106c158509a45e4c18ab379a2acd
  languageName: node
  linkType: hard

"picocolors@npm:^1.1.1":
  version: 1.1.1
  resolution: "picocolors@npm:1.1.1"
  checksum: e1cf46bf84886c79055fdfa9dcb3e4711ad259949e3565154b004b260cd356c5d54b31a1437ce9782624bf766272fe6b0154f5f0c744fb7af5d454d2b60db045
  languageName: node
  linkType: hard

"proxy-addr@npm:^2.0.7":
  version: 2.0.7
  resolution: "proxy-addr@npm:2.0.7"
  dependencies:
    forwarded: 0.2.0
    ipaddr.js: 1.9.1
  checksum: 29c6990ce9364648255454842f06f8c46fcd124d3e6d7c5066df44662de63cdc0bad032e9bf5a3d653ff72141cc7b6019873d685708ac8210c30458ad99f2b74
  languageName: node
  linkType: hard

"qs@npm:^6.14.0":
  version: 6.14.0
  resolution: "qs@npm:6.14.0"
  dependencies:
    side-channel: ^1.1.0
  checksum: 189b52ad4e9a0da1a16aff4c58b2a554a8dad9bd7e287c7da7446059b49ca2e33a49e570480e8be406b87fccebf134f51c373cbce36c8c83859efa0c9b71d635
  languageName: node
  linkType: hard

"range-parser@npm:^1.2.1":
  version: 1.2.1
  resolution: "range-parser@npm:1.2.1"
  checksum: 0a268d4fea508661cf5743dfe3d5f47ce214fd6b7dec1de0da4d669dd4ef3d2144468ebe4179049eff253d9d27e719c88dae55be64f954e80135a0cada804ec9
  languageName: node
  linkType: hard

"raw-body@npm:^3.0.0":
  version: 3.0.0
  resolution: "raw-body@npm:3.0.0"
  dependencies:
    bytes: 3.1.2
    http-errors: 2.0.0
    iconv-lite: 0.6.3
    unpipe: 1.0.0
  checksum: 25b7cf7964183db322e819050d758a5abd0f22c51e9f37884ea44a9ed6855a1fb61f8caa8ec5b61d07e69f54db43dbbc08ad98ef84556696d6aa806be247af0e
  languageName: node
  linkType: hard

"router@npm:^2.2.0":
  version: 2.2.0
  resolution: "router@npm:2.2.0"
  dependencies:
    debug: ^4.4.0
    depd: ^2.0.0
    is-promise: ^4.0.0
    parseurl: ^1.3.3
    path-to-regexp: ^8.0.0
  checksum: 4c3bec8011ed10bb07d1ee860bc715f245fff0fdff991d8319741d2932d89c3fe0a56766b4fa78e95444bc323fd2538e09c8e43bfbd442c2a7fab67456df7fa5
  languageName: node
  linkType: hard

"rush-app-mock-dev-server@workspace:.":
  version: 0.0.0-use.local
  resolution: "rush-app-mock-dev-server@workspace:."
  dependencies:
    "@babel/core": ^7.27.1
    "@types/express": ^5.0.1
    express: ^5.1.0
    typescript: ^5.8.3
  languageName: unknown
  linkType: soft

"safe-buffer@npm:5.2.1":
  version: 5.2.1
  resolution: "safe-buffer@npm:5.2.1"
  checksum: b99c4b41fdd67a6aaf280fcd05e9ffb0813654894223afb78a31f14a19ad220bba8aba1cb14eddce1fcfb037155fe6de4e861784eb434f7d11ed58d1e70dd491
  languageName: node
  linkType: hard

"safer-buffer@npm:>= 2.1.2 < 3.0.0":
  version: 2.1.2
  resolution: "safer-buffer@npm:2.1.2"
  checksum: cab8f25ae6f1434abee8d80023d7e72b598cf1327164ddab31003c51215526801e40b66c5e65d658a0af1e9d6478cadcb4c745f4bd6751f97d8644786c0978b0
  languageName: node
  linkType: hard

"semver@npm:^6.3.1":
  version: 6.3.1
  resolution: "semver@npm:6.3.1"
  bin:
    semver: bin/semver.js
  checksum: ae47d06de28836adb9d3e25f22a92943477371292d9b665fb023fae278d345d508ca1958232af086d85e0155aee22e313e100971898bbb8d5d89b8b1d4054ca2
  languageName: node
  linkType: hard

"send@npm:^1.1.0":
  version: 1.1.0
  resolution: "send@npm:1.1.0"
  dependencies:
    debug: ^4.3.5
    destroy: ^1.2.0
    encodeurl: ^2.0.0
    escape-html: ^1.0.3
    etag: ^1.8.1
    fresh: ^0.5.2
    http-errors: ^2.0.0
    mime-types: ^2.1.35
    ms: ^2.1.3
    on-finished: ^2.4.1
    range-parser: ^1.2.1
    statuses: ^2.0.1
  checksum: cb82bec244cb0e54ffaadf657dc79f55f350428c0d1f58511b9aae74ba87b07078907e462b8fefe13380f592baebd4b9e184204f3b74bd4558e7561669204b0f
  languageName: node
  linkType: hard

"send@npm:^1.2.0":
  version: 1.2.0
  resolution: "send@npm:1.2.0"
  dependencies:
    debug: ^4.3.5
    encodeurl: ^2.0.0
    escape-html: ^1.0.3
    etag: ^1.8.1
    fresh: ^2.0.0
    http-errors: ^2.0.0
    mime-types: ^3.0.1
    ms: ^2.1.3
    on-finished: ^2.4.1
    range-parser: ^1.2.1
    statuses: ^2.0.1
  checksum: 7557ee6c1c257a1c53b402b4fba8ed88c95800b08abe085fc79e0824869274f213491be2efb2df3de228c70e4d40ce2019e5f77b58c42adb97149135420c3f34
  languageName: node
  linkType: hard

"serve-static@npm:^2.2.0":
  version: 2.2.0
  resolution: "serve-static@npm:2.2.0"
  dependencies:
    encodeurl: ^2.0.0
    escape-html: ^1.0.3
    parseurl: ^1.3.3
    send: ^1.2.0
  checksum: 74f39e88f0444aa6732aae3b9597739c47552adecdc83fa32aa42555e76f1daad480d791af73894655c27a2d378275a461e691cead33fb35d8b976f1e2d24665
  languageName: node
  linkType: hard

"setprototypeof@npm:1.2.0":
  version: 1.2.0
  resolution: "setprototypeof@npm:1.2.0"
  checksum: be18cbbf70e7d8097c97f713a2e76edf84e87299b40d085c6bf8b65314e994cc15e2e317727342fa6996e38e1f52c59720b53fe621e2eb593a6847bf0356db89
  languageName: node
  linkType: hard

"side-channel-list@npm:^1.0.0":
  version: 1.0.0
  resolution: "side-channel-list@npm:1.0.0"
  dependencies:
    es-errors: ^1.3.0
    object-inspect: ^1.13.3
  checksum: 603b928997abd21c5a5f02ae6b9cc36b72e3176ad6827fab0417ead74580cc4fb4d5c7d0a8a2ff4ead34d0f9e35701ed7a41853dac8a6d1a664fcce1a044f86f
  languageName: node
  linkType: hard

"side-channel-map@npm:^1.0.1":
  version: 1.0.1
  resolution: "side-channel-map@npm:1.0.1"
  dependencies:
    call-bound: ^1.0.2
    es-errors: ^1.3.0
    get-intrinsic: ^1.2.5
    object-inspect: ^1.13.3
  checksum: 42501371cdf71f4ccbbc9c9e2eb00aaaab80a4c1c429d5e8da713fd4d39ef3b8d4a4b37ed4f275798a65260a551a7131fd87fe67e922dba4ac18586d6aab8b06
  languageName: node
  linkType: hard

"side-channel-weakmap@npm:^1.0.2":
  version: 1.0.2
  resolution: "side-channel-weakmap@npm:1.0.2"
  dependencies:
    call-bound: ^1.0.2
    es-errors: ^1.3.0
    get-intrinsic: ^1.2.5
    object-inspect: ^1.13.3
    side-channel-map: ^1.0.1
  checksum: a815c89bc78c5723c714ea1a77c938377ea710af20d4fb886d362b0d1f8ac73a17816a5f6640f354017d7e292a43da9c5e876c22145bac00b76cfb3468001736
  languageName: node
  linkType: hard

"side-channel@npm:^1.1.0":
  version: 1.1.0
  resolution: "side-channel@npm:1.1.0"
  dependencies:
    es-errors: ^1.3.0
    object-inspect: ^1.13.3
    side-channel-list: ^1.0.0
    side-channel-map: ^1.0.1
    side-channel-weakmap: ^1.0.2
  checksum: bf73d6d6682034603eb8e99c63b50155017ed78a522d27c2acec0388a792c3ede3238b878b953a08157093b85d05797217d270b7666ba1f111345fbe933380ff
  languageName: node
  linkType: hard

"statuses@npm:2.0.1, statuses@npm:^2.0.1":
  version: 2.0.1
  resolution: "statuses@npm:2.0.1"
  checksum: 18c7623fdb8f646fb213ca4051be4df7efb3484d4ab662937ca6fbef7ced9b9e12842709872eb3020cc3504b93bde88935c9f6417489627a7786f24f8031cbcb
  languageName: node
  linkType: hard

"toidentifier@npm:1.0.1":
  version: 1.0.1
  resolution: "toidentifier@npm:1.0.1"
  checksum: 952c29e2a85d7123239b5cfdd889a0dde47ab0497f0913d70588f19c53f7e0b5327c95f4651e413c74b785147f9637b17410ac8c846d5d4a20a5a33eb6dc3a45
  languageName: node
  linkType: hard

"type-is@npm:^2.0.0":
  version: 2.0.0
  resolution: "type-is@npm:2.0.0"
  dependencies:
    content-type: ^1.0.5
    media-typer: ^1.1.0
    mime-types: ^3.0.0
  checksum: 571c7daca550d5e0d9d8a71c33bde1a0c12ddee3bc77aa2f7c62c39a4f1f52ee7770d1c2eeba21c306ac3627b2cf3a1b8417bbb1af5d65829e092dcf3356038c
  languageName: node
  linkType: hard

"type-is@npm:^2.0.1":
  version: 2.0.1
  resolution: "type-is@npm:2.0.1"
  dependencies:
    content-type: ^1.0.5
    media-typer: ^1.1.0
    mime-types: ^3.0.0
  checksum: 0266e7c782238128292e8c45e60037174d48c6366bb2d45e6bd6422b611c193f83409a8341518b6b5f33f8e4d5a959f38658cacfea77f0a3505b9f7ac1ddec8f
  languageName: node
  linkType: hard

"typescript@npm:^5.8.3":
  version: 5.8.3
  resolution: "typescript@npm:5.8.3"
  bin:
    tsc: bin/tsc
    tsserver: bin/tsserver
  checksum: cb1d081c889a288b962d3c8ae18d337ad6ee88a8e81ae0103fa1fecbe923737f3ba1dbdb3e6d8b776c72bc73bfa6d8d850c0306eed1a51377d2fccdfd75d92c4
  languageName: node
  linkType: hard

"typescript@patch:typescript@^5.8.3#~builtin<compat/typescript>":
  version: 5.8.3
  resolution: "typescript@patch:typescript@npm%3A5.8.3#~builtin<compat/typescript>::version=5.8.3&hash=29ae49"
  bin:
    tsc: bin/tsc
    tsserver: bin/tsserver
  checksum: 1b503525a88ff0ff5952e95870971c4fb2118c17364d60302c21935dedcd6c37e6a0a692f350892bafcef6f4a16d09073fe461158547978d2f16fbe4cb18581c
  languageName: node
  linkType: hard

"undici-types@npm:~5.26.4":
  version: 5.26.5
  resolution: "undici-types@npm:5.26.5"
  checksum: 3192ef6f3fd5df652f2dc1cd782b49d6ff14dc98e5dced492aa8a8c65425227da5da6aafe22523c67f035a272c599bb89cfe803c1db6311e44bed3042fc25487
  languageName: node
  linkType: hard

"unpipe@npm:1.0.0":
  version: 1.0.0
  resolution: "unpipe@npm:1.0.0"
  checksum: 4fa18d8d8d977c55cb09715385c203197105e10a6d220087ec819f50cb68870f02942244f1017565484237f1f8c5d3cd413631b1ae104d3096f24fdfde1b4aa2
  languageName: node
  linkType: hard

"update-browserslist-db@npm:^1.1.0":
  version: 1.1.1
  resolution: "update-browserslist-db@npm:1.1.1"
  dependencies:
    escalade: ^3.2.0
    picocolors: ^1.1.0
  peerDependencies:
    browserslist: ">= 4.21.0"
  bin:
    update-browserslist-db: cli.js
  checksum: 2ea11bd2562122162c3e438d83a1f9125238c0844b6d16d366e3276d0c0acac6036822dc7df65fc5a89c699cdf9f174acf439c39bedf3f9a2f3983976e4b4c3e
  languageName: node
  linkType: hard

"vary@npm:^1.1.2":
  version: 1.1.2
  resolution: "vary@npm:1.1.2"
  checksum: ae0123222c6df65b437669d63dfa8c36cee20a504101b2fcd97b8bf76f91259c17f9f2b4d70a1e3c6bbcee7f51b28392833adb6b2770b23b01abec84e369660b
  languageName: node
  linkType: hard

"wrappy@npm:1":
  version: 1.0.2
  resolution: "wrappy@npm:1.0.2"
  checksum: 159da4805f7e84a3d003d8841557196034155008f817172d4e986bd591f74aa82aa7db55929a54222309e01079a65a92a9e6414da5a6aa4b01ee44a511ac3ee5
  languageName: node
  linkType: hard

"yallist@npm:^3.0.2":
  version: 3.1.1
  resolution: "yallist@npm:3.1.1"
  checksum: 48f7bb00dc19fc635a13a39fe547f527b10c9290e7b3e836b9a8f1ca04d4d342e85714416b3c2ab74949c9c66f9cebb0473e6bc353b79035356103b47641285d
  languageName: node
  linkType: hard
